{
  "name": "edge-chat",
  "lockfileVersion": 3,
  "requires": true,
  "packages": {
    "": {
      "dependencies": {
        "@wllama/wllama": "^2.1.3"
      }
    },
    "node_modules/@wllama/wllama": {
      "version": "2.1.3",
      "resolved": "https://registry.npmjs.org/@wllama/wllama/-/wllama-2.1.3.tgz",
      "integrity": "sha512-3Sv6vlfjgkluPx/DtlqAIX0TmeZMPfHX2OAucYi3qLF7Pr0dEesmuH9dP757Y969EiXt3aCJsEmcFbPaBTgQxQ=="
    }
  }
}
